
Microsoft Visual Studio Solution File, Format Version 12.00
Project("{2150E333-8FDC-42A3-9474-1A3956D46DE8}") = "Solution Items", "Solution Items", "{14AFE769-4C5E-4681-8EB8-6BA4EE002771}"
	ProjectSection(SolutionItems) = preProject
		compose.yaml = compose.yaml
		docker-compose.prod.yaml = docker-compose.prod.yaml
	EndProjectSection
EndProject
Project("{2150E333-8FDC-42A3-9474-1A3956D46DE8}") = "src", "src", "{22634297-B993-4ED1-931E-A26F523CE708}"
EndProject
Project("{FAE04EC0-301F-11D3-BF4B-00C04F79EFBC}") = "Web.Api", "Web.Api\Web.Api.csproj", "{B80B73F4-0C54-4617-9D3E-EFB394A9D920}"
EndProject
Project("{FAE04EC0-301F-11D3-BF4B-00C04F79EFBC}") = "Application", "Application\Application.csproj", "{A140FB1A-D439-423E-919F-951C56F9BB2C}"
EndProject
Project("{FAE04EC0-301F-11D3-BF4B-00C04F79EFBC}") = "Infrastructure", "Infrastructure\Infrastructure.csproj", "{E79431C4-FB23-44DC-8CDF-2EFD877E8493}"
EndProject
Project("{FAE04EC0-301F-11D3-BF4B-00C04F79EFBC}") = "Domain", "Domain\Domain.csproj", "{3DD0736E-5FE4-4B99-B9E1-B7AFDCECF6C1}"
EndProject
Global
	GlobalSection(SolutionConfigurationPlatforms) = preSolution
		Debug|Any CPU = Debug|Any CPU
		Release|Any CPU = Release|Any CPU
	EndGlobalSection
	GlobalSection(ProjectConfigurationPlatforms) = postSolution
		{B80B73F4-0C54-4617-9D3E-EFB394A9D920}.Debug|Any CPU.ActiveCfg = Debug|Any CPU
		{B80B73F4-0C54-4617-9D3E-EFB394A9D920}.Debug|Any CPU.Build.0 = Debug|Any CPU
		{B80B73F4-0C54-4617-9D3E-EFB394A9D920}.Release|Any CPU.ActiveCfg = Release|Any CPU
		{B80B73F4-0C54-4617-9D3E-EFB394A9D920}.Release|Any CPU.Build.0 = Release|Any CPU
		{A140FB1A-D439-423E-919F-951C56F9BB2C}.Debug|Any CPU.ActiveCfg = Debug|Any CPU
		{A140FB1A-D439-423E-919F-951C56F9BB2C}.Debug|Any CPU.Build.0 = Debug|Any CPU
		{A140FB1A-D439-423E-919F-951C56F9BB2C}.Release|Any CPU.ActiveCfg = Release|Any CPU
		{A140FB1A-D439-423E-919F-951C56F9BB2C}.Release|Any CPU.Build.0 = Release|Any CPU
		{E79431C4-FB23-44DC-8CDF-2EFD877E8493}.Debug|Any CPU.ActiveCfg = Debug|Any CPU
		{E79431C4-FB23-44DC-8CDF-2EFD877E8493}.Debug|Any CPU.Build.0 = Debug|Any CPU
		{E79431C4-FB23-44DC-8CDF-2EFD877E8493}.Release|Any CPU.ActiveCfg = Release|Any CPU
		{E79431C4-FB23-44DC-8CDF-2EFD877E8493}.Release|Any CPU.Build.0 = Release|Any CPU
		{3DD0736E-5FE4-4B99-B9E1-B7AFDCECF6C1}.Debug|Any CPU.ActiveCfg = Debug|Any CPU
		{3DD0736E-5FE4-4B99-B9E1-B7AFDCECF6C1}.Debug|Any CPU.Build.0 = Debug|Any CPU
		{3DD0736E-5FE4-4B99-B9E1-B7AFDCECF6C1}.Release|Any CPU.ActiveCfg = Release|Any CPU
		{3DD0736E-5FE4-4B99-B9E1-B7AFDCECF6C1}.Release|Any CPU.Build.0 = Release|Any CPU
	EndGlobalSection
	GlobalSection(NestedProjects) = preSolution
		{B80B73F4-0C54-4617-9D3E-EFB394A9D920} = {22634297-B993-4ED1-931E-A26F523CE708}
		{A140FB1A-D439-423E-919F-951C56F9BB2C} = {22634297-B993-4ED1-931E-A26F523CE708}
		{E79431C4-FB23-44DC-8CDF-2EFD877E8493} = {22634297-B993-4ED1-931E-A26F523CE708}
		{3DD0736E-5FE4-4B99-B9E1-B7AFDCECF6C1} = {22634297-B993-4ED1-931E-A26F523CE708}
	EndGlobalSection
EndGlobal
